# This file is automatically @generated by Poetry and should not be changed by hand.

[[package]]
name = "bleach"
version = "5.0.1"
description = "An easy safelist-based HTML-sanitizing tool."
category = "main"
optional = false
python-versions = ">=3.7"
files = [
    {file = "bleach-5.0.1-py3-none-any.whl", hash = "sha256:085f7f33c15bd408dd9b17a4ad77c577db66d76203e5984b1bd59baeee948b2a"},
    {file = "bleach-5.0.1.tar.gz", hash = "sha256:0d03255c47eb9bd2f26aa9bb7f2107732e7e8fe195ca2f64709fcf3b0a4a085c"},
]

[package.dependencies]
six = ">=1.9.0"
webencodings = "*"

[package.extras]
css = ["tinycss2 (>=1.1.0,<1.2)"]
dev = ["Sphinx (==4.3.2)", "black (==22.3.0)", "build (==0.8.0)", "flake8 (==4.0.1)", "hashin (==0.17.0)", "mypy (==0.961)", "pip-tools (==6.6.2)", "pytest (==7.1.2)", "tox (==3.25.0)", "twine (==4.0.1)", "wheel (==0.37.1)"]

[[package]]
name = "distlib"
version = "0.3.6"
description = "Distribution utilities"
category = "main"
optional = false
python-versions = "*"
files = [
    {file = "distlib-0.3.6-py2.py3-none-any.whl", hash = "sha256:f35c4b692542ca110de7ef0bea44d73981caeb34ca0b9b6b2e6d7790dda8f80e"},
    {file = "distlib-0.3.6.tar.gz", hash = "sha256:14bad2d9b04d3a36127ac97f30b12a19268f211063d8f8ee4f47108896e11b46"},
]

[[package]]
name = "docutils"
version = "0.19"
description = "Docutils -- Python Documentation Utilities"
category = "main"
optional = false
python-versions = ">=3.7"
files = [
    {file = "docutils-0.19-py3-none-any.whl", hash = "sha256:5e1de4d849fee02c63b040a4a3fd567f4ab104defd8a5511fbbc24a8a017efbc"},
    {file = "docutils-0.19.tar.gz", hash = "sha256:33995a6753c30b7f577febfc2c50411fec6aac7f7ffeb7c4cfe5991072dcf9e6"},
]

[[package]]
name = "filelock"
version = "3.8.2"
description = "A platform independent file lock."
category = "main"
optional = false
python-versions = ">=3.7"
files = [
    {file = "filelock-3.8.2-py3-none-any.whl", hash = "sha256:8df285554452285f79c035efb0c861eb33a4bcfa5b7a137016e32e6a90f9792c"},
    {file = "filelock-3.8.2.tar.gz", hash = "sha256:7565f628ea56bfcd8e54e42bdc55da899c85c1abfe1b5bcfd147e9188cebb3b2"},
]

[package.extras]
docs = ["furo (>=2022.9.29)", "sphinx (>=5.3)", "sphinx-autodoc-typehints (>=1.19.5)"]
testing = ["covdefaults (>=2.2.2)", "coverage (>=6.5)", "pytest (>=7.2)", "pytest-cov (>=4)", "pytest-timeout (>=2.1)"]

[[package]]
name = "flake8"
version = "3.2.0"
description = "the modular source code checker: pep8, pyflakes and co"
category = "main"
optional = false
python-versions = "*"
files = [
    {file = "flake8-3.2.0-py2.py3-none-any.whl", hash = "sha256:9341ad4e5f71298139ecb64f38f412f8fbc52b4237317e14f5356e5b0c2dcbf3"},
    {file = "flake8-3.2.0.tar.gz", hash = "sha256:f4c3c0aeb8018319993b2c47a2491fb7ea8b3a51c7a86cba38301ae1561b364e"},
]

[package.dependencies]
mccabe = ">=0.5.0,<0.6.0"
pycodestyle = ">=2.0.0,<2.3.0"
pyflakes = ">=0.8.1,<1.2.0 || >1.2.0,<1.2.1 || >1.2.1,<1.2.2 || >1.2.2,<1.4.0"

[[package]]
name = "mccabe"
version = "0.5.3"
description = "McCabe checker, plugin for flake8"
category = "main"
optional = false
python-versions = "*"
files = [
    {file = "mccabe-0.5.3-py2.py3-none-any.whl", hash = "sha256:f9b58bf366c1506dcd6117b33e5c4874746f0de859c9c7cab8b516cb6be1d22e"},
    {file = "mccabe-0.5.3.tar.gz", hash = "sha256:16293af41e7242031afd73896fef6458f4cad38201d21e28f344fff50ae1c25e"},
]

[[package]]
name = "pep8-naming"
version = "0.4.1"
description = "Check PEP-8 naming conventions, plugin for flake8"
category = "main"
optional = false
python-versions = "*"
files = [
    {file = "pep8-naming-0.4.1.tar.gz", hash = "sha256:4eedfd4c4b05e48796f74f5d8628c068ff788b9c2b08471ad408007fc6450e5a"},
    {file = "pep8_naming-0.4.1-py2.py3-none-any.whl", hash = "sha256:1b419fa45b68b61cd8c5daf4e0c96d28915ad14d3d5f35fcc1e7e95324a33a2e"},
]

[[package]]
name = "platformdirs"
version = "2.6.0"
description = "A small Python package for determining appropriate platform-specific dirs, e.g. a \"user data dir\"."
category = "main"
optional = false
python-versions = ">=3.7"
files = [
    {file = "platformdirs-2.6.0-py3-none-any.whl", hash = "sha256:1a89a12377800c81983db6be069ec068eee989748799b946cce2a6e80dcc54ca"},
    {file = "platformdirs-2.6.0.tar.gz", hash = "sha256:b46ffafa316e6b83b47489d240ce17173f123a9b9c83282141c3daf26ad9ac2e"},
]

[package.extras]
docs = ["furo (>=2022.9.29)", "proselint (>=0.13)", "sphinx (>=5.3)", "sphinx-autodoc-typehints (>=1.19.4)"]
test = ["appdirs (==1.4.4)", "pytest (>=7.2)", "pytest-cov (>=4)", "pytest-mock (>=3.10)"]

[[package]]
name = "pluggy"
version = "0.13.1"
description = "plugin and hook calling mechanisms for python"
category = "main"
optional = false
python-versions = ">=2.7, !=3.0.*, !=3.1.*, !=3.2.*, !=3.3.*"
files = [
    {file = "pluggy-0.13.1-py2.py3-none-any.whl", hash = "sha256:966c145cd83c96502c3c3868f50408687b38434af77734af1e9ca461a4081d2d"},
    {file = "pluggy-0.13.1.tar.gz", hash = "sha256:15b2acde666561e1298d71b523007ed7364de07029219b604cf808bfa1c765b0"},
]

[package.extras]
dev = ["pre-commit", "tox"]

[[package]]
name = "py"
version = "1.11.0"
description = "library with cross-python path, ini-parsing, io, code, log facilities"
category = "main"
optional = false
python-versions = ">=2.7, !=3.0.*, !=3.1.*, !=3.2.*, !=3.3.*, !=3.4.*"
files = [
    {file = "py-1.11.0-py2.py3-none-any.whl", hash = "sha256:607c53218732647dff4acdfcd50cb62615cedf612e72d1724fb1a0cc6405b378"},
    {file = "py-1.11.0.tar.gz", hash = "sha256:51c75c4126074b472f746a24399ad32f6053d1b34b68d2fa41e558e6f4a98719"},
]

[[package]]
name = "pycodestyle"
version = "2.2.0"
description = "Python style guide checker"
category = "main"
optional = false
python-versions = "*"
files = [
    {file = "pycodestyle-2.2.0-py2.py3-none-any.whl", hash = "sha256:60c4e1c36f301ac539a550a29e9d16862069ec240472d86e5e71c4fc645829cb"},
    {file = "pycodestyle-2.2.0.tar.gz", hash = "sha256:df81dc3293e0123e2e8d1f2aaf819600e4ae287d8b3af8b72181af50257e5d9a"},
]

[[package]]
name = "pyflakes"
version = "1.3.0"
description = "passive checker of Python programs"
category = "main"
optional = false
python-versions = "*"
files = [
    {file = "pyflakes-1.3.0-py2.py3-none-any.whl", hash = "sha256:ad89dafee8ca32282116209a0ca4dff050bdc343af958721d5517d242c1215d5"},
    {file = "pyflakes-1.3.0.tar.gz", hash = "sha256:a4f93317c97a9d9ed71d6ecfe08b68e3de9fea3f4d94dcd1d9d83ccbf929bc31"},
]

[[package]]
name = "pygments"
version = "2.13.0"
description = "Pygments is a syntax highlighting package written in Python."
category = "main"
optional = false
python-versions = ">=3.6"
files = [
    {file = "Pygments-2.13.0-py3-none-any.whl", hash = "sha256:f643f331ab57ba3c9d89212ee4a2dabc6e94f117cf4eefde99a0574720d14c42"},
    {file = "Pygments-2.13.0.tar.gz", hash = "sha256:56a8508ae95f98e2b9bdf93a6be5ae3f7d8af858b43e02c5a2ff083726be40c1"},
]

[package.extras]
plugins = ["importlib-metadata"]

[[package]]
name = "readme-renderer"
version = "17.1"
description = "readme_renderer is a library for rendering \"readme\" descriptions for Warehouse"
category = "main"
optional = false
python-versions = "*"
files = [
    {file = "readme_renderer-17.1-py2.py3-none-any.whl", hash = "sha256:9cc83dd43132e9e6b128d14ee95b09eff0df0e41b88132dc4af260a473beee9f"},
    {file = "readme_renderer-17.1.tar.gz", hash = "sha256:69b1a7075462c9ba5fd586871b9d3a5370e88d48755fd307db6d8875fd250fbb"},
]

[package.dependencies]
bleach = ">=2.0.0"
docutils = ">=0.13.1"
Pygments = "*"
six = "*"

[[package]]
name = "six"
version = "1.16.0"
description = "Python 2 and 3 compatibility utilities"
category = "main"
optional = false
python-versions = ">=2.7, !=3.0.*, !=3.1.*, !=3.2.*"
files = [
    {file = "six-1.16.0-py2.py3-none-any.whl", hash = "sha256:8abb2f1d86890a2dfb989f9a77cfcfd3e47c2a354b01111771326f8aa26e0254"},
    {file = "six-1.16.0.tar.gz", hash = "sha256:1e61c37477a1626458e36f7b1d82aa5c9b094fa4802892072e49de9c60c4c926"},
]

[[package]]
name = "tox"
version = "2.5.0"
description = "virtualenv-based automation of test activities"
category = "main"
optional = false
python-versions = "*"
files = [
    {file = "tox-2.5.0-py2.py3-none-any.whl", hash = "sha256:d4dabc39c7d7248f4e8353fde7a40d2dc50a11a2329b41da90e4327c28a72ed0"},
    {file = "tox-2.5.0.tar.gz", hash = "sha256:6d4e77cad37343f91d7b755f08aad21c71d945f4af7b2cbc323443b174bd8159"},
]

[package.dependencies]
pluggy = ">=0.3.0,<1.0"
py = ">=1.4.17"
virtualenv = ">=1.11.2"

[[package]]
name = "virtualenv"
version = "20.17.1"
description = "Virtual Python Environment builder"
category = "main"
optional = false
python-versions = ">=3.6"
files = [
    {file = "virtualenv-20.17.1-py3-none-any.whl", hash = "sha256:ce3b1684d6e1a20a3e5ed36795a97dfc6af29bc3970ca8dab93e11ac6094b3c4"},
    {file = "virtualenv-20.17.1.tar.gz", hash = "sha256:f8b927684efc6f1cc206c9db297a570ab9ad0e51c16fa9e45487d36d1905c058"},
]

[package.dependencies]
distlib = ">=0.3.6,<1"
filelock = ">=3.4.1,<4"
platformdirs = ">=2.4,<3"

[package.extras]
docs = ["proselint (>=0.13)", "sphinx (>=5.3)", "sphinx-argparse (>=0.3.2)", "sphinx-rtd-theme (>=1)", "towncrier (>=22.8)"]
testing = ["coverage (>=6.2)", "coverage-enable-subprocess (>=1)", "flaky (>=3.7)", "packaging (>=21.3)", "pytest (>=7.0.1)", "pytest-env (>=0.6.2)", "pytest-freezegun (>=0.4.2)", "pytest-mock (>=3.6.1)", "pytest-randomly (>=3.10.3)", "pytest-timeout (>=2.1)"]

[[package]]
name = "webencodings"
version = "0.5.1"
description = "Character encoding aliases for legacy web content"
category = "main"
optional = false
python-versions = "*"
files = [
    {file = "webencodings-0.5.1-py2.py3-none-any.whl", hash = "sha256:a0af1213f3c2226497a97e2b3aa01a7e4bee4f403f95be16fc9acd2947514a78"},
    {file = "webencodings-0.5.1.tar.gz", hash = "sha256:b36a1c245f2d304965eb4e0a82848379241dc04b865afcc4aab16748587e1923"},
]

[[package]]
name = "yapf"
version = "0.19.0"
description = "A formatter for Python code."
category = "main"
optional = false
python-versions = "*"
files = [
    {file = "yapf-0.19.0-py2.py3-none-any.whl", hash = "sha256:3ac5887aa98d0ba35186d8a83fa948b880a353cd39df9d9c9ffa920f428e9e8d"},
    {file = "yapf-0.19.0.tar.gz", hash = "sha256:701b076a4916e3cfbba345e0297dcd54a02fd0fdcae1f43346f8a043c3bbd052"},
]

[metadata]
lock-version = "2.0"
python-versions = "^3.10"
content-hash = "c585e77cc650e31321fe557db3b538db80755c43dc59c851018e416904879f57"
